
Microsoft Visual Studio Solution File, Format Version 12.00
# Visual Studio Version 16
VisualStudioVersion = 16.0.32228.343
MinimumVisualStudioVersion = 10.0.40219.1
Project("{9A19103F-16F7-4668-BE54-9A1E7A4F7556}") = "metotlar", "metotlar\metotlar.csproj", "{B1F120B6-724E-44F0-8B3A-501D4AF1A900}"
EndProject
Project("{9A19103F-16F7-4668-BE54-9A1E7A4F7556}") = "matematık", "matematık\matematık.csproj", "{C58A2049-E003-4236-B359-B5DC4523FFFC}"
EndProject
Project("{FAE04EC0-301F-11D3-BF4B-00C04F79EFBC}") = "DegerVeReferansTipler", "DegerVeReferansTipler\DegerVeReferansTipler.csproj", "{76EC14E5-E9F2-4228-8579-7B5367D51BFE}"
EndProject
Project("{FAE04EC0-301F-11D3-BF4B-00C04F79EFBC}") = "ConsoleApp1", "ConsoleApp1\ConsoleApp1.csproj", "{282AE968-7257-44F6-8169-E7593A60CCF2}"
EndProject
Global
	GlobalSection(SolutionConfigurationPlatforms) = preSolution
		Debug|Any CPU = Debug|Any CPU
		Release|Any CPU = Release|Any CPU
	EndGlobalSection
	GlobalSection(ProjectConfigurationPlatforms) = postSolution
		{B1F120B6-724E-44F0-8B3A-501D4AF1A900}.Debug|Any CPU.ActiveCfg = Debug|Any CPU
		{B1F120B6-724E-44F0-8B3A-501D4AF1A900}.Debug|Any CPU.Build.0 = Debug|Any CPU
		{B1F120B6-724E-44F0-8B3A-501D4AF1A900}.Release|Any CPU.ActiveCfg = Release|Any CPU
		{B1F120B6-724E-44F0-8B3A-501D4AF1A900}.Release|Any CPU.Build.0 = Release|Any CPU
		{C58A2049-E003-4236-B359-B5DC4523FFFC}.Debug|Any CPU.ActiveCfg = Debug|Any CPU
		{C58A2049-E003-4236-B359-B5DC4523FFFC}.Debug|Any CPU.Build.0 = Debug|Any CPU
		{C58A2049-E003-4236-B359-B5DC4523FFFC}.Release|Any CPU.ActiveCfg = Release|Any CPU
		{C58A2049-E003-4236-B359-B5DC4523FFFC}.Release|Any CPU.Build.0 = Release|Any CPU
		{76EC14E5-E9F2-4228-8579-7B5367D51BFE}.Debug|Any CPU.ActiveCfg = Debug|Any CPU
		{76EC14E5-E9F2-4228-8579-7B5367D51BFE}.Debug|Any CPU.Build.0 = Debug|Any CPU
		{76EC14E5-E9F2-4228-8579-7B5367D51BFE}.Release|Any CPU.ActiveCfg = Release|Any CPU
		{76EC14E5-E9F2-4228-8579-7B5367D51BFE}.Release|Any CPU.Build.0 = Release|Any CPU
		{282AE968-7257-44F6-8169-E7593A60CCF2}.Debug|Any CPU.ActiveCfg = Debug|Any CPU
		{282AE968-7257-44F6-8169-E7593A60CCF2}.Debug|Any CPU.Build.0 = Debug|Any CPU
		{282AE968-7257-44F6-8169-E7593A60CCF2}.Release|Any CPU.ActiveCfg = Release|Any CPU
		{282AE968-7257-44F6-8169-E7593A60CCF2}.Release|Any CPU.Build.0 = Release|Any CPU
	EndGlobalSection
	GlobalSection(SolutionProperties) = preSolution
		HideSolutionNode = FALSE
	EndGlobalSection
	GlobalSection(ExtensibilityGlobals) = postSolution
		SolutionGuid = {DE43EFD3-8955-440B-8002-0E1A5467C41E}
	EndGlobalSection
EndGlobal
